<?xml version="1.0" encoding="utf-8"?>
<Project ToolsVersion="4.0" xmlns="http://schemas.microsoft.com/developer/msbuild/2003">
  <ItemGroup>
    <ClCompile Include="categorical_histogram_model_item.cpp" />
    <ClCompile Include="categorical_histogram_proxy_model.cpp" />
    <ClCompile Include="chart_base.cpp" />
    <ClCompile Include="chart_base_display_controls.cpp" />
    <ClCompile Include="chart_categorical_histogram.cpp" />
    <ClCompile Include="chart_continuous_histogram.cpp" />
    <ClCompile Include="chart_display_control.cpp" />
    <ClCompile Include="chart_distribution.cpp" />
    <ClCompile Include="chart_mdi_area.cpp" />
    <ClCompile Include="chart_option_controls.cpp" />
    <ClCompile Include="chart_scatter_plot.cpp" />
    <ClCompile Include="categorical_histogram_creator.cpp" />
    <ClCompile Include="continuous_histogram_creator.cpp" />
    <ClCompile Include="chart_dialog.cpp" />
    <ClCompile Include="GeneratedFiles\Debug\moc_categorical_histogram_creator.cpp" />
    <ClCompile Include="GeneratedFiles\Debug\moc_categorical_histogram_proxy_model.cpp" />
    <ClCompile Include="GeneratedFiles\Debug\moc_chart_base.cpp" />
    <ClCompile Include="GeneratedFiles\Debug\moc_chart_base_display_controls.cpp" />
    <ClCompile Include="GeneratedFiles\Debug\moc_chart_categorical_histogram.cpp" />
    <ClCompile Include="GeneratedFiles\Debug\moc_chart_continuous_histogram.cpp" />
    <ClCompile Include="GeneratedFiles\Debug\moc_chart_creator.cpp" />
    <ClCompile Include="GeneratedFiles\Debug\moc_chart_dialog.cpp" />
    <ClCompile Include="GeneratedFiles\Debug\moc_chart_display_control.cpp" />
    <ClCompile Include="GeneratedFiles\Debug\moc_chart_distribution.cpp" />
    <ClCompile Include="GeneratedFiles\Debug\moc_chart_mdi_area.cpp" />
    <ClCompile Include="GeneratedFiles\Debug\moc_chart_option_controls.cpp" />
    <ClCompile Include="GeneratedFiles\Debug\moc_chart_scatter_plot.cpp" />
    <ClCompile Include="GeneratedFiles\Debug\moc_continuous_histogram_creator.cpp" />
    <ClCompile Include="GeneratedFiles\Debug\moc_histogram_chart_model.cpp" />
    <ClCompile Include="GeneratedFiles\Debug\moc_histogram_item_tree_view.cpp" />
    <ClCompile Include="GeneratedFiles\Debug\moc_histogram_proxy_model.cpp" />
    <ClCompile Include="GeneratedFiles\Debug\moc_histogram_style_delegate.cpp" />
    <ClCompile Include="GeneratedFiles\Debug\moc_log_data_chart.cpp" />
    <ClCompile Include="GeneratedFiles\Debug\moc_log_data_chart_creator.cpp" />
    <ClCompile Include="GeneratedFiles\Debug\moc_region_weight_delegate.cpp" />
    <ClCompile Include="GeneratedFiles\Debug\moc_scatter_plot_creator.cpp" />
    <ClCompile Include="GeneratedFiles\Debug\moc_scatter_plot_item_tree_view.cpp" />
    <ClCompile Include="GeneratedFiles\Debug\moc_scatter_plot_point_style_delegate.cpp" />
    <ClCompile Include="GeneratedFiles\Debug\moc_scatter_plot_proxy_model.cpp" />
    <ClCompile Include="GeneratedFiles\Release\moc_categorical_histogram_creator.cpp" />
    <ClCompile Include="GeneratedFiles\Release\moc_categorical_histogram_proxy_model.cpp" />
    <ClCompile Include="GeneratedFiles\Release\moc_chart_base.cpp" />
    <ClCompile Include="GeneratedFiles\Release\moc_chart_base_display_controls.cpp" />
    <ClCompile Include="GeneratedFiles\Release\moc_chart_categorical_histogram.cpp" />
    <ClCompile Include="GeneratedFiles\Release\moc_chart_continuous_histogram.cpp" />
    <ClCompile Include="GeneratedFiles\Release\moc_chart_creator.cpp" />
    <ClCompile Include="GeneratedFiles\Release\moc_chart_dialog.cpp" />
    <ClCompile Include="GeneratedFiles\Release\moc_chart_display_control.cpp" />
    <ClCompile Include="GeneratedFiles\Release\moc_chart_distribution.cpp" />
    <ClCompile Include="GeneratedFiles\Release\moc_chart_mdi_area.cpp" />
    <ClCompile Include="GeneratedFiles\Release\moc_chart_option_controls.cpp" />
    <ClCompile Include="GeneratedFiles\Release\moc_chart_scatter_plot.cpp" />
    <ClCompile Include="GeneratedFiles\Release\moc_continuous_histogram_creator.cpp" />
    <ClCompile Include="GeneratedFiles\Release\moc_histogram_chart_model.cpp" />
    <ClCompile Include="GeneratedFiles\Release\moc_histogram_item_tree_view.cpp" />
    <ClCompile Include="GeneratedFiles\Release\moc_histogram_proxy_model.cpp" />
    <ClCompile Include="GeneratedFiles\Release\moc_histogram_style_delegate.cpp" />
    <ClCompile Include="GeneratedFiles\Release\moc_log_data_chart.cpp" />
    <ClCompile Include="GeneratedFiles\Release\moc_log_data_chart_creator.cpp" />
    <ClCompile Include="GeneratedFiles\Release\moc_region_weight_delegate.cpp" />
    <ClCompile Include="GeneratedFiles\Release\moc_scatter_plot_creator.cpp" />
    <ClCompile Include="GeneratedFiles\Release\moc_scatter_plot_item_tree_view.cpp" />
    <ClCompile Include="GeneratedFiles\Release\moc_scatter_plot_point_style_delegate.cpp" />
    <ClCompile Include="GeneratedFiles\Release\moc_scatter_plot_proxy_model.cpp" />
    <ClCompile Include="GeneratedFiles\UnitTest\moc_categorical_histogram_creator.cpp" />
    <ClCompile Include="GeneratedFiles\UnitTest\moc_categorical_histogram_proxy_model.cpp" />
    <ClCompile Include="GeneratedFiles\UnitTest\moc_chart_base.cpp" />
    <ClCompile Include="GeneratedFiles\UnitTest\moc_chart_base_display_controls.cpp" />
    <ClCompile Include="GeneratedFiles\UnitTest\moc_chart_categorical_histogram.cpp" />
    <ClCompile Include="GeneratedFiles\UnitTest\moc_chart_continuous_histogram.cpp" />
    <ClCompile Include="GeneratedFiles\UnitTest\moc_chart_creator.cpp" />
    <ClCompile Include="GeneratedFiles\UnitTest\moc_chart_dialog.cpp" />
    <ClCompile Include="GeneratedFiles\UnitTest\moc_chart_display_control.cpp" />
    <ClCompile Include="GeneratedFiles\UnitTest\moc_chart_distribution.cpp" />
    <ClCompile Include="GeneratedFiles\UnitTest\moc_chart_mdi_area.cpp" />
    <ClCompile Include="GeneratedFiles\UnitTest\moc_chart_option_controls.cpp" />
    <ClCompile Include="GeneratedFiles\UnitTest\moc_chart_scatter_plot.cpp" />
    <ClCompile Include="GeneratedFiles\UnitTest\moc_continuous_histogram_creator.cpp" />
    <ClCompile Include="GeneratedFiles\UnitTest\moc_histogram_chart_model.cpp" />
    <ClCompile Include="GeneratedFiles\UnitTest\moc_histogram_item_tree_view.cpp" />
    <ClCompile Include="GeneratedFiles\UnitTest\moc_histogram_proxy_model.cpp" />
    <ClCompile Include="GeneratedFiles\UnitTest\moc_histogram_style_delegate.cpp" />
    <ClCompile Include="GeneratedFiles\UnitTest\moc_region_weight_delegate.cpp" />
    <ClCompile Include="GeneratedFiles\UnitTest\moc_scatter_plot_creator.cpp" />
    <ClCompile Include="GeneratedFiles\UnitTest\moc_scatter_plot_item_tree_view.cpp" />
    <ClCompile Include="GeneratedFiles\UnitTest\moc_scatter_plot_point_style_delegate.cpp" />
    <ClCompile Include="GeneratedFiles\UnitTest\moc_scatter_plot_proxy_model.cpp" />
    <ClCompile Include="histogram_chart_model.cpp" />
    <ClCompile Include="histogram_item_tree_view.cpp" />
    <ClCompile Include="histogram_model_item.cpp" />
    <ClCompile Include="histogram_proxy_model.cpp" />
    <ClCompile Include="histogram_statistics.cpp" />
    <ClCompile Include="histogram_style_delegate.cpp" />
    <ClCompile Include="library_charts_init.cpp" />
    <ClCompile Include="log_data_chart.cpp" />
    <ClCompile Include="log_data_chart_creator.cpp" />
    <ClCompile Include="multiple_charts_viewport.cpp" />
    <ClCompile Include="region_weight_delegate.cpp" />
    <ClCompile Include="scatter_plot_creator.cpp" />
    <ClCompile Include="scatter_plot_item_tree_view.cpp" />
    <ClCompile Include="scatter_plot_model_item.cpp" />
    <ClCompile Include="scatter_plot_point_style_delegate.cpp" />
    <ClCompile Include="scatter_plot_proxy_model.cpp" />
  </ItemGroup>
  <ItemGroup>
    <ClInclude Include="multiple_charts_viewport.h" />
    <ClInclude Include="chart_model_item.h" />
    <ClInclude Include="histogram_statistics.h" />
    <ClInclude Include="library_charts_init.h" />
    <ClInclude Include="GeneratedFiles\ui_chart_display_control.h" />
    <ClInclude Include="common.h" />
  </ItemGroup>
  <ItemGroup>
    <CustomBuild Include="log_data_chart_creator.h" />
    <CustomBuild Include="log_data_chart.h" />
    <CustomBuild Include="scatter_plot_model_item.h" />
    <CustomBuild Include="scatter_plot_item_tree_view.h" />
    <CustomBuild Include="scatter_plot_creator.h" />
    <CustomBuild Include="scatter_plot_proxy_model.h" />
    <CustomBuild Include="scatter_plot_point_style_delegate.h" />
    <CustomBuild Include="continuous_histogram_creator.h" />
    <CustomBuild Include="categorical_histogram_creator.h" />
    <CustomBuild Include="chart_dialog.h" />
    <CustomBuild Include="chart_mdi_area.h" />
    <CustomBuild Include="chart_scatter_plot.h" />
    <CustomBuild Include="histogram_style_delegate.h" />
    <CustomBuild Include="categorical_histogram_model_item.h" />
    <CustomBuild Include="histogram_model_item.h" />
    <CustomBuild Include="chart_base_display_controls.h" />
    <CustomBuild Include="region_weight_delegate.h" />
    <CustomBuild Include="histogram_chart_model.h" />
    <CustomBuild Include="histogram_proxy_model.h" />
    <CustomBuild Include="histogram_item_tree_view.h" />
    <CustomBuild Include="chart_creator.h" />
    <CustomBuild Include="chart_option_controls.h" />
    <CustomBuild Include="chart_distribution.h" />
    <CustomBuild Include="chart_display_control.h" />
    <CustomBuild Include="chart_continuous_histogram.h" />
    <CustomBuild Include="chart_categorical_histogram.h" />
    <CustomBuild Include="chart_base.h" />
    <CustomBuild Include="categorical_histogram_proxy_model.h" />
    <CustomBuild Include="chart_display_control.ui" />
  </ItemGroup>
</Project>