<?xml version="1.0" encoding="utf-8"?>
<Project ToolsVersion="4.0" xmlns="http://schemas.microsoft.com/developer/msbuild/2003">
  <ItemGroup>
    <ClCompile Include="error_messages_handler.cpp" />
    <ClCompile Include="GeneratedFiles\Release\moc_gstl_item_model.cpp" />
    <ClCompile Include="gstl_messages_private.cpp" />
    <ClCompile Include="manager.cpp" />
    <ClCompile Include="manager_repository.cpp" />
    <ClCompile Include="progress_notifier.cpp" />
    <ClCompile Include="string_manipulation.cpp" />
    <ClCompile Include="GeneratedFiles\Debug\moc_gstl_item_model.cpp">
      <Filter>Generated Files\Debug</Filter>
    </ClCompile>
  </ItemGroup>
  <ItemGroup>
    <ClInclude Include="common.h" />
    <ClInclude Include="directory.h" />
    <ClInclude Include="error_messages_handler.h" />
    <ClInclude Include="gstl_messages.h" />
    <ClInclude Include="gstl_messages_private.h" />
    <ClInclude Include="gstl_object_item.h" />
    <ClInclude Include="gstl_plugins.h" />
    <ClInclude Include="gstl_types.h" />
    <ClInclude Include="lineeditkey.h" />
    <ClInclude Include="manager.h" />
    <ClInclude Include="manager_repository.h" />
    <ClInclude Include="named_interface.h" />
    <ClInclude Include="progress_notifier.h" />
    <ClInclude Include="resource.h" />
    <ClInclude Include="singleton_holder.h" />
    <ClInclude Include="string_manipulation.h" />
    <ClInclude Include="xml_parsing.h" />
  </ItemGroup>
  <ItemGroup>
    <Filter Include="Header Files">
      <UniqueIdentifier>{93995380-89BD-4b04-88EB-625FBE52EBFB}</UniqueIdentifier>
      <Extensions>h</Extensions>
      <ParseFiles>true</ParseFiles>
    </Filter>
    <Filter Include="Generated Files">
      <UniqueIdentifier>{71ED8ED8-ACB9-4CE9-BBE1-E00B30144E11}</UniqueIdentifier>
      <Extensions>moc;h;cpp</Extensions>
      <ParseFiles>true</ParseFiles>
    </Filter>
    <Filter Include="Generated Files\Debug">
      <UniqueIdentifier>{dbb72a42-6c00-401b-ac41-c0169ed30edf}</UniqueIdentifier>
      <Extensions>cpp;moc</Extensions>
      <SourceControlFiles>False</SourceControlFiles>
    </Filter>
  </ItemGroup>
  <ItemGroup>
    <CustomBuild Include="gstl_item_model.h">
      <Filter>Header Files</Filter>
    </CustomBuild>
  </ItemGroup>
</Project>