<?xml version="1.0" encoding="utf-8"?>
<Project ToolsVersion="4.0" xmlns="http://schemas.microsoft.com/developer/msbuild/2003">
  <ItemGroup>
    <ClCompile Include="error_messages_handler.cpp" />
    <ClCompile Include="GeneratedFiles\Debug\moc_gstl_item_model.cpp" />
    <ClCompile Include="GeneratedFiles\Release\moc_gstl_item_model.cpp" />
    <ClCompile Include="GeneratedFiles\UnitTest\moc_gstl_item_model.cpp" />
    <ClCompile Include="gstl_messages_private.cpp" />
    <ClCompile Include="manager.cpp" />
    <ClCompile Include="manager_repository.cpp" />
    <ClCompile Include="progress_notifier.cpp" />
    <ClCompile Include="string_manipulation.cpp" />
  </ItemGroup>
  <ItemGroup>
    <ClInclude Include="common.h" />
    <ClInclude Include="directory.h" />
    <ClInclude Include="error_messages_handler.h" />
    <ClInclude Include="gstl_messages.h" />
    <ClInclude Include="gstl_messages_private.h" />
    <ClInclude Include="gstl_object_item.h" />
    <ClInclude Include="gstl_plugins.h" />
    <ClInclude Include="gstl_types.h" />
    <ClInclude Include="lineeditkey.h" />
    <ClInclude Include="manager.h" />
    <ClInclude Include="manager_repository.h" />
    <ClInclude Include="named_interface.h" />
    <ClInclude Include="progress_notifier.h" />
    <ClInclude Include="resource.h" />
    <ClInclude Include="singleton_holder.h" />
    <ClInclude Include="string_manipulation.h" />
    <ClInclude Include="xml_parsing.h" />
  </ItemGroup>
  <ItemGroup>
    <CustomBuild Include="gstl_item_model.h" />
  </ItemGroup>
</Project>