<?xml version="1.0" encoding="utf-8"?>
<Project ToolsVersion="4.0" xmlns="http://schemas.microsoft.com/developer/msbuild/2003">
  <ItemGroup>
    <ClCompile Include=".moc\moc_categorical_definition_dialog.cpp" />
    <ClCompile Include=".moc\moc_categorical_property_dialog.cpp" />
    <ClCompile Include=".moc\moc_categorical_table_model.cpp" />
    <ClCompile Include=".moc\moc_cli_commands_panel.cpp" />
    <ClCompile Include=".moc\moc_colormap_controller.cpp" />
    <ClCompile Include=".moc\moc_colormap_widget.cpp" />
    <ClCompile Include=".moc\moc_copy_property_dialog.cpp" />
    <ClCompile Include=".moc\moc_data_analysis_gui.cpp" />
    <ClCompile Include=".moc\moc_delete_properties_dialog.cpp" />
    <ClCompile Include=".moc\moc_delete_regions_dialog.cpp" />
    <ClCompile Include=".moc\moc_downscale_grid_dialog.cpp" />
    <ClCompile Include=".moc\moc_first_scr.cpp" />
    <ClCompile Include=".moc\moc_grid_param_viewer.cpp" />
    <ClCompile Include=".moc\moc_grid_section_view.cpp" />
    <ClCompile Include=".moc\moc_group_property_dialog.cpp" />
    <ClCompile Include=".moc\moc_gstl_item_action.cpp" />
    <ClCompile Include=".moc\moc_gstl_slider.cpp" />
    <ClCompile Include=".moc\moc_histogram_control_panel.cpp" />
    <ClCompile Include=".moc\moc_histogram_gui.cpp" />
    <ClCompile Include=".moc\moc_indicator_property_dialog.cpp" />
    <ClCompile Include=".moc\moc_manager_dialog.cpp" />
    <ClCompile Include=".moc\moc_merge_regions_dialog.cpp" />
    <ClCompile Include=".moc\moc_multichoice_dialog.cpp" />
    <ClCompile Include=".moc\moc_new_distribution_dialog.cpp" />
    <ClCompile Include=".moc\moc_new_mgrid_from_cgrid_dialog.cpp" />
    <ClCompile Include=".moc\moc_new_region_from_grid_filter_dialog.cpp" />
    <ClCompile Include=".moc\moc_new_region_from_property_dialog.cpp" />
    <ClCompile Include=".moc\moc_object_property_viewer.cpp" />
    <ClCompile Include=".moc\moc_plot_settings_dialog.cpp" />
    <ClCompile Include=".moc\moc_print_plots_dialog.cpp" />
    <ClCompile Include=".moc\moc_project_ItemModel.cpp" />
    <ClCompile Include=".moc\moc_property_filter_view.cpp" />
    <ClCompile Include=".moc\moc_property_param_viewer.cpp" />
    <ClCompile Include=".moc\moc_pset_params.cpp" />
    <ClCompile Include=".moc\moc_qcombobox_accessor.cpp" />
    <ClCompile Include=".moc\moc_qdirdialog.cpp" />
    <ClCompile Include=".moc\moc_qpplot_control_panel.cpp" />
    <ClCompile Include=".moc\moc_qpplot_gui.cpp" />
    <ClCompile Include=".moc\moc_qt_algo_control_panel.cpp" />
    <ClCompile Include=".moc\moc_qt_sp_application.cpp" />
    <ClCompile Include=".moc\moc_qvtkGsTLViewer.cpp" />
    <ClCompile Include=".moc\moc_rgrid_params.cpp" />
    <ClCompile Include=".moc\moc_save_grid_dialog.cpp" />
    <ClCompile Include=".moc\moc_scatterplot_control_panel.cpp" />
    <ClCompile Include=".moc\moc_scatterplot_gui.cpp" />
    <ClCompile Include=".moc\moc_script_editor.cpp" />
    <ClCompile Include=".moc\moc_set_not_informed_dialog.cpp" />
    <ClCompile Include=".moc\moc_snapshot_dialog.cpp" />
    <ClCompile Include=".moc\moc_upscale_property_dialog.cpp" />
    <ClCompile Include=".moc\moc_variogram_controls.cpp" />
    <ClCompile Include=".moc\moc_variogram_controls_base.cpp" />
    <ClCompile Include=".moc\moc_variogram_modeler_gui.cpp" />
    <ClCompile Include=".moc\moc_variogram_modeling_screen.cpp" />
    <ClCompile Include=".moc\moc_variog_multiplot.cpp" />
    <ClCompile Include=".moc\moc_variog_plot.cpp" />
    <ClCompile Include=".moc\moc_visualization_tree_view.cpp" />
    <ClCompile Include=".moc\moc_vtk_project_view_gui.cpp" />
    <ClCompile Include="appli\about_sgems.cpp" />
    <ClCompile Include="GeneratedFiles\qrc_resources.cpp" />
    <ClCompile Include="models\categorical_table_model.cpp" />
    <ClCompile Include="appli\cli_commands_panel.cpp" />
    <ClCompile Include="utils\categorical_definition_dialog.cpp" />
    <ClCompile Include="utils\categorical_property_dialog.cpp" />
    <ClCompile Include="utils\colormap.cpp" />
    <ClCompile Include="utils\copy_property_dialog.cpp" />
    <ClCompile Include="utils\downscale_grid_dialog.cpp" />
    <ClCompile Include="utils\new_distribution_dialog.cpp" />
    <ClCompile Include="utils\new_region_from_grid_filter_dialog.cpp" />
    <ClCompile Include="utils\save_grid_dialog.cpp" />
    <ClCompile Include="utils\set_not_informed_dialog.cpp" />
    <ClCompile Include="utils\upscale_property_dialog.cpp" />
    <ClCompile Include="viewer\grid_section_view.cpp" />
    <ClCompile Include="vtk_prop\colormap_actor.cpp" />
    <ClCompile Include="viewer\colormap_controller.cpp" />
    <ClCompile Include="viewer\colormap_widget.cpp" />
    <ClCompile Include="utils\colors.cpp" />
    <ClCompile Include="utils\colorscale.cpp" />
    <ClCompile Include="models\context_menu_interface.cpp" />
    <ClCompile Include="appli\data_analysis_gui.cpp" />
    <ClCompile Include="utils\data_analysis_save_dialog.cpp" />
    <ClCompile Include="QWidget_value_accessors\default_accessor.cpp" />
    <ClCompile Include="utils\delete_properties_dialog.cpp" />
    <ClCompile Include="utils\delete_regions_dialog.cpp" />
    <ClCompile Include="variogram2\first_scr.cpp" />
    <ClCompile Include="viewer\grid_param_viewer.cpp" />
    <ClCompile Include="viewer\group_param_viewer.cpp" />
    <ClCompile Include="utils\group_property_dialog.cpp" />
    <ClCompile Include="models\gstl_item.cpp" />
    <ClCompile Include="models\gstl_item_action.cpp" />
    <ClCompile Include="models\gstl_item_selection_model.cpp" />
    <ClCompile Include="utils\gstl_slider.cpp" />
    <ClCompile Include="utils\gstl_widget_factory.cpp" />
    <ClCompile Include="appli\histogram_control_panel.cpp" />
    <ClCompile Include="appli\histogram_gui.cpp" />
    <ClCompile Include="utils\indicator_property_dialog.cpp" />
    <ClCompile Include="library_gui_init.cpp" />
    <ClCompile Include="utils\manager_dialog.cpp" />
    <ClCompile Include="utils\merge_regions_dialog.cpp" />
    <ClCompile Include="utils\multichoice_dialog.cpp" />
    <ClCompile Include="appli\new_cartesian_grid_dialog.cpp" />
    <ClCompile Include="utils\new_mgrid_from_cgrid_dialog.cpp" />
    <ClCompile Include="utils\new_region_from_property_dialog.cpp" />
    <ClCompile Include="viewer\object_property_viewer.cpp" />
    <ClCompile Include="variogram2\plot_settings_dialog.cpp" />
    <ClCompile Include="variogram2\print_plots_dialog.cpp" />
    <ClCompile Include="models\project_ItemModel.cpp" />
    <ClCompile Include="models\project_selection_model.cpp" />
    <ClCompile Include="viewer\property_filter_view.cpp" />
    <ClCompile Include="viewer\property_param_viewer.cpp" />
    <ClCompile Include="viewer\property_stats_view.cpp" />
    <ClCompile Include="variogram2\pset_params.cpp" />
    <ClCompile Include="QWidget_value_accessors\qbuttongroup_accessor.cpp" />
    <ClCompile Include="QWidget_value_accessors\qcheckbox_accessor.cpp" />
    <ClCompile Include="QWidget_value_accessors\qcombobox_accessor.cpp" />
    <ClCompile Include="utils\qdirdialog.cpp" />
    <ClCompile Include="QWidget_value_accessors\qlineedit_accessor.cpp" />
    <ClCompile Include="appli\qpplot_control_panel.cpp" />
    <ClCompile Include="appli\qpplot_gui.cpp" />
    <ClCompile Include="QWidget_value_accessors\qradiobutton_accessor.cpp" />
    <ClCompile Include="QWidget_value_accessors\qspin_box_accessor.cpp" />
    <ClCompile Include="appli\qt_algo_control_panel.cpp" />
    <ClCompile Include="appli\qt_grid_summary.cpp" />
    <ClCompile Include="appli\qt_sp_application.cpp" />
    <ClCompile Include="QWidget_value_accessors\qtable_accessor.cpp" />
    <ClCompile Include="utils\qtbased_scribes.cpp" />
    <ClCompile Include="utils\qtprogress_notifier.cpp" />
    <ClCompile Include="viewer\qvtkGsTLViewer.cpp" />
    <ClCompile Include="utils\qwidget_value_accessor.cpp" />
    <ClCompile Include="utils\qwidget_value_collector.cpp" />
    <ClCompile Include="viewer\region_param_viewer.cpp" />
    <ClCompile Include="variogram2\rgrid_params.cpp" />
    <ClCompile Include="appli\scatterplot_control_panel.cpp" />
    <ClCompile Include="appli\scatterplot_gui.cpp" />
    <ClCompile Include="utils\script_editor.cpp" />
    <ClCompile Include="utils\script_syntax_highlighter.cpp" />
    <ClCompile Include="appli\snapshot_dialog.cpp" />
    <ClCompile Include="appli\splash_screen.cpp" />
    <ClCompile Include="utils\std_output_redirect.cpp" />
    <ClCompile Include="variogram2\variog_multiplot.cpp" />
    <ClCompile Include="variogram2\variog_plot.cpp" />
    <ClCompile Include="variogram2\variogram_controls.cpp" />
    <ClCompile Include="variogram2\variogram_controls_base.cpp" />
    <ClCompile Include="variogram2\variogram_modeler_gui.cpp" />
    <ClCompile Include="variogram2\variogram_modeling_screen.cpp" />
    <ClCompile Include="appli\visu_actions.cpp" />
    <ClCompile Include="viewer\visualization_parameters.cpp" />
    <ClCompile Include="utils\visualization_profile.cpp" />
    <ClCompile Include="models\visualization_tree_view.cpp" />
    <ClCompile Include="vtk_prop\vtk_common.cpp" />
    <ClCompile Include="viewer\vtk_project_view_gui.cpp" />
    <ClCompile Include="vtk_prop\vtk_prop_cgrid.cpp" />
    <ClCompile Include="vtk_prop\vtk_prop_gstl.cpp" />
    <ClCompile Include="vtk_prop\vtk_prop_log.cpp" />
    <ClCompile Include="viewer\vtk_prop_map.cpp" />
    <ClCompile Include="vtk_prop\vtk_prop_mgrid.cpp" />
    <ClCompile Include="vtk_prop\vtk_prop_pointset.cpp" />
    <ClCompile Include="vtk_prop\vtk_prop_structured_grid.cpp" />
  </ItemGroup>
  <ItemGroup>
    <ClInclude Include="vtk_prop\vtk_prop_structured_grid.h" />
    <ClInclude Include="appli\about_sgems.h" />
    <ClInclude Include="ui_create_distribution_dialog.h" />
    <ClInclude Include="utils\color.h" />
    <ClInclude Include="utils\colormap.h" />
    <ClInclude Include="vtk_prop\colormap_actor.h" />
    <ClInclude Include="utils\colors.h" />
    <ClInclude Include="utils\colorscale.h" />
    <ClInclude Include="common.h" />
    <ClInclude Include="models\context_menu_interface.h" />
    <ClInclude Include="utils\data_analysis_save_dialog.h" />
    <ClInclude Include="QWidget_value_accessors\default_accessor.h" />
    <ClInclude Include="viewer\group_param_viewer.h" />
    <ClInclude Include="models\gstl_item.h" />
    <ClInclude Include="models\gstl_item_selection_model.h" />
    <ClInclude Include="utils\gstl_widget_factory.h" />
    <ClInclude Include="appli\historyscribe.h" />
    <ClInclude Include="library_gui_init.h" />
    <ClInclude Include="appli\new_cartesian_grid_dialog.h" />
    <ClInclude Include="models\project_selection_model.h" />
    <ClInclude Include="viewer\property_stats_view.h" />
    <ClInclude Include="QWidget_value_accessors\qbuttongroup_accessor.h" />
    <ClInclude Include="QWidget_value_accessors\qcheckbox_accessor.h" />
    <ClInclude Include="QWidget_value_accessors\qlineedit_accessor.h" />
    <ClInclude Include="QWidget_value_accessors\qradiobutton_accessor.h" />
    <ClInclude Include="QWidget_value_accessors\qspin_box_accessor.h" />
    <ClInclude Include="appli\qt_grid_summary.h" />
    <ClInclude Include="QWidget_value_accessors\qtable_accessor.h" />
    <ClInclude Include="utils\qtbased_scribes.h" />
    <ClInclude Include="utils\qtprogress_notifier.h" />
    <ClInclude Include="utils\qwidget_value_accessor.h" />
    <ClInclude Include="utils\qwidget_value_collector.h" />
    <ClInclude Include="viewer\region_param_viewer.h" />
    <ClInclude Include="utils\script_syntax_highlighter.h" />
    <ClInclude Include="appli\splash_screen.h" />
    <ClInclude Include="utils\std_output_redirect.h" />
    <ClInclude Include="utils\style_sheet.h" />
    <ClInclude Include="appli\visu_actions.h" />
    <ClInclude Include="utils\visualization_profile.h" />
    <ClInclude Include="vtk_prop\vtk_common.h" />
    <ClInclude Include="vtk_prop\vtk_prop_cgrid.h" />
    <ClInclude Include="vtk_prop\vtk_prop_gstl.h" />
    <ClInclude Include="vtk_prop\vtk_prop_log.h" />
    <ClInclude Include="viewer\vtk_prop_map.h" />
    <ClInclude Include="vtk_prop\vtk_prop_mgrid.h" />
    <ClInclude Include="vtk_prop\vtk_prop_pointset.h" />
    <ClInclude Include="vtk_prop\vtk_prop_strati_grid.h" />
    <ClInclude Include="ui_MainWindow.h" />
    <ClInclude Include="ui_Project_view_form.h" />
    <ClInclude Include="ui_controls_widget.h" />
    <ClInclude Include="ui_data_analysis_gui_base.h" />
    <ClInclude Include="ui_delete_properties_dialog_base.h" />
    <ClInclude Include="ui_delete_regions_dialog_base.h" />
    <ClInclude Include="ui_first_scr_base.h" />
    <ClInclude Include="ui_histogram_control_panel_base.h" />
    <ClInclude Include="ui_multichoice_dialog_base.h" />
    <ClInclude Include="ui_new_cartesian_grid_dialog_base.h" />
    <ClInclude Include="ui_point_set_base.h" />
    <ClInclude Include="ui_qpplot_control_panel_base.h" />
    <ClInclude Include="ui_qt_algo_control_panel_base.h" />
    <ClInclude Include="ui_rgrid_base.h" />
    <ClInclude Include="ui_scatterplot_control_panel_base.h" />
    <ClInclude Include="ui_snapshot_dialog_base.h" />
    <ClInclude Include="ui_variogram_modeler_gui_base.h" />
    <ClInclude Include="ui_variogram_plot_settings_dialog.h" />
    <ClInclude Include="ui_variogram_print_plots_dialog.h" />
    <ClInclude Include="ui_variogram_structure_controls_base.h" />
  </ItemGroup>
  <ItemGroup>
    <CustomBuild Include="utils\new_region_from_grid_filter_dialog.h" />
    <CustomBuild Include="utils\categorical_property_dialog.h" />
    <CustomBuild Include="utils\set_not_informed_dialog.h" />
    <CustomBuild Include="models\categorical_table_model.h" />
    <CustomBuild Include="utils\new_distribution_dialog.h" />
    <CustomBuild Include="utils\save_grid_dialog.h" />
    <CustomBuild Include="utils\copy_property_dialog.h" />
    <CustomBuild Include="utils\downscale_grid_dialog.h" />
    <CustomBuild Include="utils\upscale_property_dialog.h" />
    <CustomBuild Include="utils\categorical_definition_dialog.h" />
    <CustomBuild Include="appli\cli_commands_panel.h" />
    <CustomBuild Include="viewer\grid_section_view.h" />
    <CustomBuild Include="viewer\colormap_controller.h" />
    <CustomBuild Include="viewer\colormap_widget.h" />
    <CustomBuild Include="appli\data_analysis_gui.h" />
    <CustomBuild Include="utils\delete_properties_dialog.h" />
    <CustomBuild Include="utils\delete_regions_dialog.h" />
    <CustomBuild Include="variogram2\first_scr.h" />
    <CustomBuild Include="viewer\grid_param_viewer.h" />
    <CustomBuild Include="utils\group_property_dialog.h" />
    <CustomBuild Include="models\gstl_item_action.h" />
    <CustomBuild Include="utils\gstl_slider.h" />
    <CustomBuild Include="appli\histogram_control_panel.h" />
    <CustomBuild Include="appli\histogram_gui.h" />
    <CustomBuild Include="utils\indicator_property_dialog.h" />
    <CustomBuild Include="utils\manager_dialog.h" />
    <CustomBuild Include="utils\merge_regions_dialog.h" />
    <CustomBuild Include="utils\multichoice_dialog.h" />
    <CustomBuild Include="utils\new_mgrid_from_cgrid_dialog.h" />
    <CustomBuild Include="utils\new_region_from_property_dialog.h" />
    <CustomBuild Include="viewer\object_property_viewer.h" />
    <CustomBuild Include="variogram2\plot_settings_dialog.h" />
    <CustomBuild Include="variogram2\print_plots_dialog.h" />
    <CustomBuild Include="models\project_ItemModel.h" />
    <CustomBuild Include="viewer\property_filter_view.h" />
    <CustomBuild Include="viewer\property_param_viewer.h" />
    <CustomBuild Include="variogram2\pset_params.h" />
    <CustomBuild Include="QWidget_value_accessors\qcombobox_accessor.h" />
    <CustomBuild Include="utils\qdirdialog.h" />
    <CustomBuild Include="appli\qpplot_control_panel.h" />
    <CustomBuild Include="appli\qpplot_gui.h" />
    <CustomBuild Include="appli\qt_algo_control_panel.h" />
    <CustomBuild Include="appli\qt_sp_application.h" />
    <CustomBuild Include="viewer\qvtkGsTLViewer.h" />
    <CustomBuild Include="variogram2\rgrid_params.h" />
    <CustomBuild Include="appli\scatterplot_control_panel.h" />
    <CustomBuild Include="appli\scatterplot_gui.h" />
    <CustomBuild Include="utils\script_editor.h" />
    <CustomBuild Include="appli\snapshot_dialog.h" />
    <CustomBuild Include="variogram2\variog_multiplot.h" />
    <CustomBuild Include="variogram2\variog_plot.h" />
    <CustomBuild Include="variogram2\variogram_controls.h" />
    <CustomBuild Include="variogram2\variogram_controls_base.h" />
    <CustomBuild Include="variogram2\variogram_modeler_gui.h" />
    <CustomBuild Include="variogram2\variogram_modeling_screen.h" />
    <CustomBuild Include="viewer\visualization_parameters.h" />
    <CustomBuild Include="models\visualization_tree_view.h" />
    <CustomBuild Include="viewer\vtk_project_view_gui.h" />
    <CustomBuild Include="appli\MainWindow.ui" />
    <CustomBuild Include="viewer\Project_view_form.ui" />
    <CustomBuild Include="appli\controls_widget.ui" />
    <CustomBuild Include="appli\data_analysis_gui_base.ui" />
    <CustomBuild Include="utils\delete_properties_dialog_base.ui" />
    <CustomBuild Include="utils\delete_regions_dialog_base.ui" />
    <CustomBuild Include="variogram2\first_scr_base.ui" />
    <CustomBuild Include="appli\histogram_control_panel_base.ui" />
    <CustomBuild Include="utils\multichoice_dialog_base.ui" />
    <CustomBuild Include="appli\new_cartesian_grid_dialog_base.ui" />
    <CustomBuild Include="variogram2\point_set_base.ui" />
    <CustomBuild Include="appli\qpplot_control_panel_base.ui" />
    <CustomBuild Include="appli\qt_algo_control_panel_base.ui" />
    <CustomBuild Include="variogram2\rgrid_base.ui" />
    <CustomBuild Include="appli\scatterplot_control_panel_base.ui" />
    <CustomBuild Include="appli\snapshot_dialog_base.ui" />
    <CustomBuild Include="variogram2\variogram_modeler_gui_base.ui" />
    <CustomBuild Include="variogram2\variogram_plot_settings_dialog.ui" />
    <CustomBuild Include="variogram2\variogram_print_plots_dialog.ui" />
    <CustomBuild Include="variogram2\variogram_structure_controls_base.ui" />
    <CustomBuild Include="utils\create_distribution_dialog.ui" />
    <CustomBuild Include="resources.qrc" />
  </ItemGroup>
  <ItemGroup>
    <None Include="appli\Pixmaps\accept.png" />
    <None Include="appli\Pixmaps\add.png" />
    <None Include="appli\Pixmaps\application-x-executable.png" />
    <None Include="appli\Pixmaps\ar2gems-splash.png" />
    <None Include="appli\Pixmaps\ar2gems-icon-256x256.png" />
    <None Include="appli\Pixmaps\ar2tech-sgems.png" />
    <None Include="appli\Pixmaps\background_color.svg" />
    <None Include="appli\Pixmaps\camera.png" />
    <None Include="appli\Pixmaps\cancel.png" />
    <None Include="appli\Pixmaps\cat_histo.svg" />
    <None Include="appli\Pixmaps\cat_property.svg" />
    <None Include="appli\Pixmaps\cgrid.svg" />
    <None Include="appli\Pixmaps\cont_property.svg" />
    <None Include="appli\Pixmaps\delete.png" />
    <None Include="appli\Pixmaps\distance_widget.svg" />
    <None Include="appli\Pixmaps\distributions.svg" />
    <None Include="appli\Pixmaps\down.png" />
    <None Include="appli\Pixmaps\edit-select-all.png" />
    <None Include="appli\Pixmaps\eye.png" />
    <None Include="appli\Pixmaps\eye4.png" />
    <None Include="appli\Pixmaps\eyes.png" />
    <None Include="appli\Pixmaps\folder.png" />
    <None Include="appli\Pixmaps\global.png" />
    <None Include="appli\Pixmaps\histo-bars-lines.svg" />
    <None Include="appli\Pixmaps\histo-bars.svg" />
    <None Include="appli\Pixmaps\histo-lines.svg" />
    <None Include="appli\Pixmaps\home.png" />
    <None Include="appli\Pixmaps\home.xpm" />
    <None Include="appli\Pixmaps\left.png" />
    <None Include="appli\Pixmaps\log_data.svg" />
    <None Include="appli\Pixmaps\log_grid.svg" />
    <None Include="appli\Pixmaps\mgrid.svg" />
    <None Include="appli\Pixmaps\noeye.png" />
    <None Include="appli\Pixmaps\noeye4.png" />
    <None Include="appli\Pixmaps\orientation_widget.svg" />
    <None Include="appli\Pixmaps\pset.svg" />
    <None Include="appli\Pixmaps\region.svg" />
    <None Include="appli\Pixmaps\right.png" />
    <None Include="appli\Pixmaps\scale_legend.svg" />
    <None Include="appli\Pixmaps\sethome.png" />
    <None Include="appli\Pixmaps\sethome.xpm" />
    <None Include="appli\Pixmaps\up.png" />
    <None Include="appli\Pixmaps\weight_property.svg" />
    <None Include="appli\Pixmaps\xy.png" />
    <None Include="appli\Pixmaps\xz.png" />
    <None Include="appli\Pixmaps\yz.png" />
  </ItemGroup>
</Project>