<?xml version="1.0" encoding="utf-8"?>
<Project ToolsVersion="4.0" xmlns="http://schemas.microsoft.com/developer/msbuild/2003">
  <ItemGroup>
    <Filter Include="Source Files">
      <UniqueIdentifier>{4FC737F1-C7A5-4376-A066-2A32D752A2FF}</UniqueIdentifier>
      <Extensions>cpp;c;cxx;def;odl;idl;hpj;bat;asm;asmx</Extensions>
    </Filter>
    <Filter Include="Header Files">
      <UniqueIdentifier>{93995380-89BD-4b04-88EB-625FBE52EBFB}</UniqueIdentifier>
      <Extensions>h;hpp;hxx;hm;inl;inc;xsd</Extensions>
    </Filter>
  </ItemGroup>
  <ItemGroup>
    <ClCompile Include="library_grid_init.cpp">
      <Filter>Source Files</Filter>
    </ClCompile>
    <ClCompile Include="cartesian_grid.cpp">
      <Filter>Source Files</Filter>
    </ClCompile>
    <ClCompile Include="combined_neighborhood.cpp">
      <Filter>Source Files</Filter>
    </ClCompile>
    <ClCompile Include="coordinate_mapper.cpp">
      <Filter>Source Files</Filter>
    </ClCompile>
    <ClCompile Include="cross_variog_computer.cpp">
      <Filter>Source Files</Filter>
    </ClCompile>
    <ClCompile Include="distribution_utilities.cpp">
      <Filter>Source Files</Filter>
    </ClCompile>
    <ClCompile Include="geostat_grid.cpp">
      <Filter>Source Files</Filter>
    </ClCompile>
    <ClCompile Include="geovalue.cpp">
      <Filter>Source Files</Filter>
    </ClCompile>
    <ClCompile Include="grid_categorical_property.cpp">
      <Filter>Source Files</Filter>
    </ClCompile>
    <ClCompile Include="grid_downscaler.cpp">
      <Filter>Source Files</Filter>
    </ClCompile>
    <ClCompile Include="grid_filter.cpp">
      <Filter>Source Files</Filter>
    </ClCompile>
    <ClCompile Include="grid_property.cpp">
      <Filter>Source Files</Filter>
    </ClCompile>
    <ClCompile Include="grid_property_manager.cpp">
      <Filter>Source Files</Filter>
    </ClCompile>
    <ClCompile Include="grid_property_set.cpp">
      <Filter>Source Files</Filter>
    </ClCompile>
    <ClCompile Include="grid_region_manager.cpp">
      <Filter>Source Files</Filter>
    </ClCompile>
    <ClCompile Include="grid_weigth_property.cpp">
      <Filter>Source Files</Filter>
    </ClCompile>
    <ClCompile Include="gstl_kdtree2.cpp">
      <Filter>Source Files</Filter>
    </ClCompile>
    <ClCompile Include="log_data_grid.cpp">
      <Filter>Source Files</Filter>
    </ClCompile>
    <ClCompile Include="mgrid_neighborhood.cpp">
      <Filter>Source Files</Filter>
    </ClCompile>
    <ClCompile Include="neighborhood.cpp">
      <Filter>Source Files</Filter>
    </ClCompile>
    <ClCompile Include="point_set.cpp">
      <Filter>Source Files</Filter>
    </ClCompile>
    <ClCompile Include="point_set_neighborhood.cpp">
      <Filter>Source Files</Filter>
    </ClCompile>
    <ClCompile Include="property_copier.cpp">
      <Filter>Source Files</Filter>
    </ClCompile>
    <ClCompile Include="property_transformer.cpp">
      <Filter>Source Files</Filter>
    </ClCompile>
    <ClCompile Include="reduced_grid.cpp">
      <Filter>Source Files</Filter>
    </ClCompile>
    <ClCompile Include="rgrid.cpp">
      <Filter>Source Files</Filter>
    </ClCompile>
    <ClCompile Include="rgrid_geometry.cpp">
      <Filter>Source Files</Filter>
    </ClCompile>
    <ClCompile Include="rgrid_gval_accessor.cpp">
      <Filter>Source Files</Filter>
    </ClCompile>
    <ClCompile Include="rgrid_neighborhood.cpp">
      <Filter>Source Files</Filter>
    </ClCompile>
    <ClCompile Include="structured_grid.cpp">
      <Filter>Source Files</Filter>
    </ClCompile>
    <ClCompile Include="superblock.cpp">
      <Filter>Source Files</Filter>
    </ClCompile>
    <ClCompile Include="utilities.cpp">
      <Filter>Source Files</Filter>
    </ClCompile>
  </ItemGroup>
  <ItemGroup>
    <ClInclude Include="library_grid_init.h">
      <Filter>Header Files</Filter>
    </ClInclude>
    <ClInclude Include="cartesian_grid.h">
      <Filter>Header Files</Filter>
    </ClInclude>
    <ClInclude Include="combined_neighborhood.h">
      <Filter>Header Files</Filter>
    </ClInclude>
    <ClInclude Include="common.h">
      <Filter>Header Files</Filter>
    </ClInclude>
    <ClInclude Include="coordinate_mapper.h">
      <Filter>Header Files</Filter>
    </ClInclude>
    <ClInclude Include="cross_variog_computer.h">
      <Filter>Header Files</Filter>
    </ClInclude>
    <ClInclude Include="distribution_utilities.h">
      <Filter>Header Files</Filter>
    </ClInclude>
    <ClInclude Include="geostat_grid.h">
      <Filter>Header Files</Filter>
    </ClInclude>
    <ClInclude Include="geovalue.h">
      <Filter>Header Files</Filter>
    </ClInclude>
    <ClInclude Include="grid_categorical_property.h">
      <Filter>Header Files</Filter>
    </ClInclude>
    <ClInclude Include="grid_downscaler.h">
      <Filter>Header Files</Filter>
    </ClInclude>
    <ClInclude Include="grid_filter.h">
      <Filter>Header Files</Filter>
    </ClInclude>
    <ClInclude Include="grid_property.h">
      <Filter>Header Files</Filter>
    </ClInclude>
    <ClInclude Include="grid_property_manager.h">
      <Filter>Header Files</Filter>
    </ClInclude>
    <ClInclude Include="grid_property_set.h">
      <Filter>Header Files</Filter>
    </ClInclude>
    <ClInclude Include="grid_region.h">
      <Filter>Header Files</Filter>
    </ClInclude>
    <ClInclude Include="grid_region_manager.h">
      <Filter>Header Files</Filter>
    </ClInclude>
    <ClInclude Include="grid_region_temp_selector.h">
      <Filter>Header Files</Filter>
    </ClInclude>
    <ClInclude Include="grid_topology.h">
      <Filter>Header Files</Filter>
    </ClInclude>
    <ClInclude Include="grid_weight_property.h">
      <Filter>Header Files</Filter>
    </ClInclude>
    <ClInclude Include="gstl_kdtree2.h">
      <Filter>Header Files</Filter>
    </ClInclude>
    <ClInclude Include="gval_iterator.h">
      <Filter>Header Files</Filter>
    </ClInclude>
    <ClInclude Include="log_data_grid.h">
      <Filter>Header Files</Filter>
    </ClInclude>
    <ClInclude Include="maskedgridcursor.h">
      <Filter>Header Files</Filter>
    </ClInclude>
    <ClInclude Include="mgrid_neighborhood.h">
      <Filter>Header Files</Filter>
    </ClInclude>
    <ClInclude Include="neighborhood.h">
      <Filter>Header Files</Filter>
    </ClInclude>
    <ClInclude Include="point_set.h">
      <Filter>Header Files</Filter>
    </ClInclude>
    <ClInclude Include="point_set_neighborhood.h">
      <Filter>Header Files</Filter>
    </ClInclude>
    <ClInclude Include="property_copier.h">
      <Filter>Header Files</Filter>
    </ClInclude>
    <ClInclude Include="property_transformer.h">
      <Filter>Header Files</Filter>
    </ClInclude>
    <ClInclude Include="reduced_grid.h">
      <Filter>Header Files</Filter>
    </ClInclude>
    <ClInclude Include="rgrid.h">
      <Filter>Header Files</Filter>
    </ClInclude>
    <ClInclude Include="rgrid_geometry.h">
      <Filter>Header Files</Filter>
    </ClInclude>
    <ClInclude Include="rgrid_gval_accessor.h">
      <Filter>Header Files</Filter>
    </ClInclude>
    <ClInclude Include="rgrid_iterator.h">
      <Filter>Header Files</Filter>
    </ClInclude>
    <ClInclude Include="rgrid_neighborhood.h">
      <Filter>Header Files</Filter>
    </ClInclude>
    <ClInclude Include="search_filters.h">
      <Filter>Header Files</Filter>
    </ClInclude>
    <ClInclude Include="sgrid_cursor.h">
      <Filter>Header Files</Filter>
    </ClInclude>
    <ClInclude Include="strati_grid.h">
      <Filter>Header Files</Filter>
    </ClInclude>
    <ClInclude Include="structured_grid.h">
      <Filter>Header Files</Filter>
    </ClInclude>
    <ClInclude Include="superblock.h">
      <Filter>Header Files</Filter>
    </ClInclude>
    <ClInclude Include="utilities.h">
      <Filter>Header Files</Filter>
    </ClInclude>
  </ItemGroup>
</Project>